
Microsoft Visual Studio Solution File, Format Version 12.00
# Visual Studio 15
VisualStudioVersion = 15.0.26403.7
MinimumVisualStudioVersion = 10.0.40219.1
Project("{2150E333-8FDC-42A3-9474-1A3956D46DE8}") = "src", "src", "{BDB86825-709D-463D-9B55-4EF880F76065}"
EndProject
Project("{FAE04EC0-301F-11D3-BF4B-00C04F79EFBC}") = "RL.FileGenerators.Excel", "src\RL.FileGenerators.Excel\RL.FileGenerators.Excel.csproj", "{61EE90EA-E716-477F-810B-FA62AB31AED6}"
EndProject
Project("{2150E333-8FDC-42A3-9474-1A3956D46DE8}") = "demo", "demo", "{F8ED83ED-2B94-4588-BDFC-0D074A46F3D0}"
EndProject
Project("{FAE04EC0-301F-11D3-BF4B-00C04F79EFBC}") = "ConsoleDemo", "demo\ConsoleDemo\ConsoleDemo.csproj", "{7BB45ECA-C114-4B05-AB55-35545E617E9F}"
EndProject
Global
	GlobalSection(SolutionConfigurationPlatforms) = preSolution
		Debug|Any CPU = Debug|Any CPU
		Release|Any CPU = Release|Any CPU
	EndGlobalSection
	GlobalSection(ProjectConfigurationPlatforms) = postSolution
		{61EE90EA-E716-477F-810B-FA62AB31AED6}.Debug|Any CPU.ActiveCfg = Debug|Any CPU
		{61EE90EA-E716-477F-810B-FA62AB31AED6}.Debug|Any CPU.Build.0 = Debug|Any CPU
		{61EE90EA-E716-477F-810B-FA62AB31AED6}.Release|Any CPU.ActiveCfg = Release|Any CPU
		{61EE90EA-E716-477F-810B-FA62AB31AED6}.Release|Any CPU.Build.0 = Release|Any CPU
		{7BB45ECA-C114-4B05-AB55-35545E617E9F}.Debug|Any CPU.ActiveCfg = Debug|Any CPU
		{7BB45ECA-C114-4B05-AB55-35545E617E9F}.Debug|Any CPU.Build.0 = Debug|Any CPU
		{7BB45ECA-C114-4B05-AB55-35545E617E9F}.Release|Any CPU.ActiveCfg = Release|Any CPU
		{7BB45ECA-C114-4B05-AB55-35545E617E9F}.Release|Any CPU.Build.0 = Release|Any CPU
	EndGlobalSection
	GlobalSection(SolutionProperties) = preSolution
		HideSolutionNode = FALSE
	EndGlobalSection
	GlobalSection(NestedProjects) = preSolution
		{61EE90EA-E716-477F-810B-FA62AB31AED6} = {BDB86825-709D-463D-9B55-4EF880F76065}
		{7BB45ECA-C114-4B05-AB55-35545E617E9F} = {F8ED83ED-2B94-4588-BDFC-0D074A46F3D0}
	EndGlobalSection
EndGlobal
